{
  "name": "@theokit/skills",
  "version": "0.4.2",
  "lockfileVersion": 3,
  "requires": true,
  "packages": {
    "": {
      "name": "@theokit/skills",
      "version": "0.4.2",
      "license": "Apache-2.0",
      "bin": {
        "theokit-skills": "bin/install.mjs"
      },
      "devDependencies": {
        "@theokit/sdk": "latest",
        "@theokit/sdk-tools": "^0.27.0",
        "typescript": "^5.9.3"
      },
      "engines": {
        "node": ">=22.12.0",
        "pnpm": ">=10.34.1"
      }
    },
    "node_modules/@theokit/sdk": {
      "version": "4.53.1",
      "resolved": "https://registry.npmjs.org/@theokit/sdk/-/sdk-4.53.1.tgz",
      "integrity": "sha512-rrdbqLtgxy0MstxxIV1vJX9u8u8fJcWbS0G1eLY8qSrJUdQtAAJAjDPDA8Ny019rhjeKzJBUm9jN7KUQKO1b4Q==",
      "dev": true,
      "license": "Apache-2.0",
      "dependencies": {
        "croner": "^9.0.0",
        "jsonrepair": "^3.13.2"
      },
      "bin": {
        "theokit-init-claude": "bin/init-claude.mjs",
        "theokit-migrate-config": "bin/theokit-migrate-config.mjs",
        "theokit-migrate-memory": "bin/theokit-migrate-memory.mjs"
      },
      "engines": {
        "node": ">=22.12.0"
      },
      "peerDependencies": {
        "@lancedb/lancedb": "^0.30.0",
        "@types/ws": ">=8.0.0",
        "better-sqlite3": "^12.0.0",
        "proper-lockfile": "^4.1.2",
        "sqlite-vec": "^0.1.0",
        "ws": ">=8.0.0",
        "zod": "^4.0.0"
      },
      "peerDependenciesMeta": {
        "@lancedb/lancedb": {
          "optional": true
        },
        "@types/ws": {
          "optional": true
        },
        "better-sqlite3": {
          "optional": true
        },
        "proper-lockfile": {
          "optional": true
        },
        "sqlite-vec": {
          "optional": true
        },
        "ws": {
          "optional": true
        },
        "zod": {
          "optional": true
        }
      }
    },
    "node_modules/@theokit/sdk-tools": {
      "version": "0.27.0",
      "resolved": "https://registry.npmjs.org/@theokit/sdk-tools/-/sdk-tools-0.27.0.tgz",
      "integrity": "sha512-ltQtewUVvex8Of7Qa/gseZfOtfk4nBR+yCFQRg1Yr018EgUsNeR95+Hgc4h87euu+EI2MYBHxstgKx1/GEK5WA==",
      "dev": true,
      "license": "Apache-2.0",
      "engines": {
        "node": ">=22.12.0"
      },
      "peerDependencies": {
        "@theokit/sdk": ">=4.19.3",
        "simple-git": "^3.0.0",
        "vitest": ">=2.0.0",
        "zod": "^4.0.0"
      },
      "peerDependenciesMeta": {
        "simple-git": {
          "optional": true
        },
        "vitest": {
          "optional": true
        }
      }
    },
    "node_modules/croner": {
      "version": "9.1.0",
      "resolved": "https://registry.npmjs.org/croner/-/croner-9.1.0.tgz",
      "integrity": "sha512-p9nwwR4qyT5W996vBZhdvBCnMhicY5ytZkR4D1Xj0wuTDEiMnjwR57Q3RXYY/s0EpX6Ay3vgIcfaR+ewGHsi+g==",
      "dev": true,
      "license": "MIT",
      "engines": {
        "node": ">=18.0"
      }
    },
    "node_modules/jsonrepair": {
      "version": "3.15.0",
      "resolved": "https://registry.npmjs.org/jsonrepair/-/jsonrepair-3.15.0.tgz",
      "integrity": "sha512-wy8OTjwsJwQRnQJkKnMJJ9vcytRdBPAgIF/Hy6+s1dAj42BHMKiyL8JzEieIl3JY7idt8eyHwBWTO8mh/+mtwA==",
      "dev": true,
      "license": "ISC",
      "bin": {
        "jsonrepair": "bin/cli.js"
      }
    },
    "node_modules/typescript": {
      "version": "5.9.3",
      "resolved": "https://registry.npmjs.org/typescript/-/typescript-5.9.3.tgz",
      "integrity": "sha512-jl1vZzPDinLr9eUt3J/t7V6FgNEw9QjvBPdysz9KfQDD41fQrC2Y4vKQdiaUpFT4bXlb1RHhLpp8wtm6M5TgSw==",
      "dev": true,
      "license": "Apache-2.0",
      "bin": {
        "tsc": "bin/tsc",
        "tsserver": "bin/tsserver"
      },
      "engines": {
        "node": ">=14.17"
      }
    },
    "node_modules/zod": {
      "version": "4.4.3",
      "resolved": "https://registry.npmjs.org/zod/-/zod-4.4.3.tgz",
      "integrity": "sha512-ytENFjIJFl2UwYglde2jchW2Hwm4GJFLDiSXWdTrJQBIN9Fcyp7n4DhxJEiWNAJMV1/BqWfW/kkg71UDcHJyTQ==",
      "dev": true,
      "license": "MIT",
      "peer": true,
      "funding": {
        "url": "https://github.com/sponsors/colinhacks"
      }
    }
  }
}
